
Microsoft Visual Studio Solution File, Format Version 12.00
# Visual Studio Version 17
VisualStudioVersion = 17.11.35327.3
MinimumVisualStudioVersion = 10.0.40219.1
Project("{FAE04EC0-301F-11D3-BF4B-00C04F79EFBC}") = "CompanyEmployees", "CompanyEmployees.csproj", "{FD5FC114-41C2-4010-8827-2B60683774D5}"
EndProject
Project("{FAE04EC0-301F-11D3-BF4B-00C04F79EFBC}") = "Contracts", "..\Contracts\Contracts.csproj", "{AEDFEB0F-B9F9-4155-BD45-47C8F26B92DB}"
EndProject
Project("{FAE04EC0-301F-11D3-BF4B-00C04F79EFBC}") = "LoggerService", "..\LoggerService\LoggerService.csproj", "{8429204C-9FEC-475F-A8DC-C18D0A84AE13}"
EndProject
Project("{FAE04EC0-301F-11D3-BF4B-00C04F79EFBC}") = "Entities", "..\Entities\Entities.csproj", "{991C5EC6-4564-48B7-ADC8-A39E80F43E21}"
EndProject
Project("{FAE04EC0-301F-11D3-BF4B-00C04F79EFBC}") = "Repository", "..\Repository\Repository.csproj", "{4C7DF54B-6D43-44F8-BCBB-E2B2355DF6E5}"
EndProject
Global
	GlobalSection(SolutionConfigurationPlatforms) = preSolution
		Debug|Any CPU = Debug|Any CPU
		Release|Any CPU = Release|Any CPU
	EndGlobalSection
	GlobalSection(ProjectConfigurationPlatforms) = postSolution
		{FD5FC114-41C2-4010-8827-2B60683774D5}.Debug|Any CPU.ActiveCfg = Debug|Any CPU
		{FD5FC114-41C2-4010-8827-2B60683774D5}.Debug|Any CPU.Build.0 = Debug|Any CPU
		{FD5FC114-41C2-4010-8827-2B60683774D5}.Release|Any CPU.ActiveCfg = Release|Any CPU
		{FD5FC114-41C2-4010-8827-2B60683774D5}.Release|Any CPU.Build.0 = Release|Any CPU
		{AEDFEB0F-B9F9-4155-BD45-47C8F26B92DB}.Debug|Any CPU.ActiveCfg = Debug|Any CPU
		{AEDFEB0F-B9F9-4155-BD45-47C8F26B92DB}.Debug|Any CPU.Build.0 = Debug|Any CPU
		{AEDFEB0F-B9F9-4155-BD45-47C8F26B92DB}.Release|Any CPU.ActiveCfg = Release|Any CPU
		{AEDFEB0F-B9F9-4155-BD45-47C8F26B92DB}.Release|Any CPU.Build.0 = Release|Any CPU
		{8429204C-9FEC-475F-A8DC-C18D0A84AE13}.Debug|Any CPU.ActiveCfg = Debug|Any CPU
		{8429204C-9FEC-475F-A8DC-C18D0A84AE13}.Debug|Any CPU.Build.0 = Debug|Any CPU
		{8429204C-9FEC-475F-A8DC-C18D0A84AE13}.Release|Any CPU.ActiveCfg = Release|Any CPU
		{8429204C-9FEC-475F-A8DC-C18D0A84AE13}.Release|Any CPU.Build.0 = Release|Any CPU
		{991C5EC6-4564-48B7-ADC8-A39E80F43E21}.Debug|Any CPU.ActiveCfg = Debug|Any CPU
		{991C5EC6-4564-48B7-ADC8-A39E80F43E21}.Debug|Any CPU.Build.0 = Debug|Any CPU
		{991C5EC6-4564-48B7-ADC8-A39E80F43E21}.Release|Any CPU.ActiveCfg = Release|Any CPU
		{991C5EC6-4564-48B7-ADC8-A39E80F43E21}.Release|Any CPU.Build.0 = Release|Any CPU
		{4C7DF54B-6D43-44F8-BCBB-E2B2355DF6E5}.Debug|Any CPU.ActiveCfg = Debug|Any CPU
		{4C7DF54B-6D43-44F8-BCBB-E2B2355DF6E5}.Debug|Any CPU.Build.0 = Debug|Any CPU
		{4C7DF54B-6D43-44F8-BCBB-E2B2355DF6E5}.Release|Any CPU.ActiveCfg = Release|Any CPU
		{4C7DF54B-6D43-44F8-BCBB-E2B2355DF6E5}.Release|Any CPU.Build.0 = Release|Any CPU
	EndGlobalSection
	GlobalSection(SolutionProperties) = preSolution
		HideSolutionNode = FALSE
	EndGlobalSection
	GlobalSection(ExtensibilityGlobals) = postSolution
		SolutionGuid = {EF2D77F4-4377-4E5F-B029-D5F399ADC80A}
	EndGlobalSection
EndGlobal
