
Microsoft Visual Studio Solution File, Format Version 12.00
# Visual Studio Version 17
VisualStudioVersion = 17.4.33205.214
MinimumVisualStudioVersion = 10.0.40219.1
Project("{FAE04EC0-301F-11D3-BF4B-00C04F79EFBC}") = "ContactsAPI", "ContactsAPI\ContactsAPI.csproj", "{047BB514-A6CB-40C1-BCAF-2235508C90B6}"
EndProject
Global
	GlobalSection(SolutionConfigurationPlatforms) = preSolution
		Debug|Any CPU = Debug|Any CPU
		Release|Any CPU = Release|Any CPU
	EndGlobalSection
	GlobalSection(ProjectConfigurationPlatforms) = postSolution
		{047BB514-A6CB-40C1-BCAF-2235508C90B6}.Debug|Any CPU.ActiveCfg = Debug|Any CPU
		{047BB514-A6CB-40C1-BCAF-2235508C90B6}.Debug|Any CPU.Build.0 = Debug|Any CPU
		{047BB514-A6CB-40C1-BCAF-2235508C90B6}.Release|Any CPU.ActiveCfg = Release|Any CPU
		{047BB514-A6CB-40C1-BCAF-2235508C90B6}.Release|Any CPU.Build.0 = Release|Any CPU
	EndGlobalSection
	GlobalSection(SolutionProperties) = preSolution
		HideSolutionNode = FALSE
	EndGlobalSection
	GlobalSection(ExtensibilityGlobals) = postSolution
		SolutionGuid = {D7851C6E-B715-43FB-8CF2-52F2D2BB2F51}
	EndGlobalSection
EndGlobal
